
Microsoft Visual Studio Solution File, Format Version 12.00
# Visual Studio Version 16
VisualStudioVersion = 16.0.30523.141
MinimumVisualStudioVersion = 10.0.40219.1
Project("{8BC9CEB8-8B4A-11D0-8D11-00A0C91BC942}") = "max-in-sequence-2", "max-in-sequence-2\max-in-sequence-2.vcxproj", "{53FF4E77-0C7E-465C-93B0-737BAB792AF7}"
EndProject
Global
	GlobalSection(SolutionConfigurationPlatforms) = preSolution
		Debug|x64 = Debug|x64
		Debug|x86 = Debug|x86
		Release|x64 = Release|x64
		Release|x86 = Release|x86
	EndGlobalSection
	GlobalSection(ProjectConfigurationPlatforms) = postSolution
		{53FF4E77-0C7E-465C-93B0-737BAB792AF7}.Debug|x64.ActiveCfg = Debug|x64
		{53FF4E77-0C7E-465C-93B0-737BAB792AF7}.Debug|x64.Build.0 = Debug|x64
		{53FF4E77-0C7E-465C-93B0-737BAB792AF7}.Debug|x86.ActiveCfg = Debug|Win32
		{53FF4E77-0C7E-465C-93B0-737BAB792AF7}.Debug|x86.Build.0 = Debug|Win32
		{53FF4E77-0C7E-465C-93B0-737BAB792AF7}.Release|x64.ActiveCfg = Release|x64
		{53FF4E77-0C7E-465C-93B0-737BAB792AF7}.Release|x64.Build.0 = Release|x64
		{53FF4E77-0C7E-465C-93B0-737BAB792AF7}.Release|x86.ActiveCfg = Release|Win32
		{53FF4E77-0C7E-465C-93B0-737BAB792AF7}.Release|x86.Build.0 = Release|Win32
	EndGlobalSection
	GlobalSection(SolutionProperties) = preSolution
		HideSolutionNode = FALSE
	EndGlobalSection
	GlobalSection(ExtensibilityGlobals) = postSolution
		SolutionGuid = {16B83023-4DC8-4528-A16A-323931C8537D}
	EndGlobalSection
EndGlobal
